// !$*UTF8*$!
{
	archiveVersion = 1;
	classes = {
	};
	objectVersion = 56;
	objects = {

/* Begin PBXBuildFile section */
		BBAD0D66299051F000C55B14 /* SyrenergyApp.swift in Sources */ = {isa = PBXBuildFile; fileRef = BBAD0D65299051F000C55B14 /* SyrenergyApp.swift */; };
		BBAD0D68299051F000C55B14 /* ContentView.swift in Sources */ = {isa = PBXBuildFile; fileRef = BBAD0D67299051F000C55B14 /* ContentView.swift */; };
		BBAD0D6A299051F800C55B14 /* Assets.xcassets in Resources */ = {isa = PBXBuildFile; fileRef = BBAD0D69299051F800C55B14 /* Assets.xcassets */; };
		BBAD0D6E299051F800C55B14 /* Preview Assets.xcassets in Resources */ = {isa = PBXBuildFile; fileRef = BBAD0D6D299051F800C55B14 /* Preview Assets.xcassets */; };
		BBAD0D78299051F900C55B14 /* SyrenergyTests.swift in Sources */ = {isa = PBXBuildFile; fileRef = BBAD0D77299051F900C55B14 /* SyrenergyTests.swift */; };
		BBAD0D82299051F900C55B14 /* SyrenergyUITests.swift in Sources */ = {isa = PBXBuildFile; fileRef = BBAD0D81299051F900C55B14 /* SyrenergyUITests.swift */; };
		BBAD0D84299051F900C55B14 /* SyrenergyUITestsLaunchTests.swift in Sources */ = {isa = PBXBuildFile; fileRef = BBAD0D83299051F900C55B14 /* SyrenergyUITestsLaunchTests.swift */; };
/* End PBXBuildFile section */

/* Begin PBXContainerItemProxy section */
		BBAD0D74299051F800C55B14 /* PBXContainerItemProxy */ = {
			isa = PBXContainerItemProxy;
			containerPortal = BBAD0D5A299051F000C55B14 /* Project object */;
			proxyType = 1;
			remoteGlobalIDString = BBAD0D61299051F000C55B14;
			remoteInfo = Syrenergy;
		};
		BBAD0D7E299051F900C55B14 /* PBXContainerItemProxy */ = {
			isa = PBXContainerItemProxy;
			containerPortal = BBAD0D5A299051F000C55B14 /* Project object */;
			proxyType = 1;
			remoteGlobalIDString = BBAD0D61299051F000C55B14;
			remoteInfo = Syrenergy;
		};
/* End PBXContainerItemProxy section */

/* Begin PBXFileReference section */
		BBAD0D62299051F000C55B14 /* Syrenergy.app */ = {isa = PBXFileReference; explicitFileType = wrapper.application; includeInIndex = 0; path = Syrenergy.app; sourceTree = BUILT_PRODUCTS_DIR; };
		BBAD0D65299051F000C55B14 /* SyrenergyApp.swift */ = {isa = PBXFileReference; lastKnownFileType = sourcecode.swift; path = SyrenergyApp.swift; sourceTree = "<group>"; };
		BBAD0D67299051F000C55B14 /* ContentView.swift */ = {isa = PBXFileReference; lastKnownFileType = sourcecode.swift; path = ContentView.swift; sourceTree = "<group>"; };
		BBAD0D69299051F800C55B14 /* Assets.xcassets */ = {isa = PBXFileReference; lastKnownFileType = folder.assetcatalog; path = Assets.xcassets; sourceTree = "<group>"; };
		BBAD0D6B299051F800C55B14 /* Syrenergy.entitlements */ = {isa = PBXFileReference; lastKnownFileType = text.plist.entitlements; path = Syrenergy.entitlements; sourceTree = "<group>"; };
		BBAD0D6D299051F800C55B14 /* Preview Assets.xcassets */ = {isa = PBXFileReference; lastKnownFileType = folder.assetcatalog; path = "Preview Assets.xcassets"; sourceTree = "<group>"; };
		BBAD0D73299051F800C55B14 /* SyrenergyTests.xctest */ = {isa = PBXFileReference; explicitFileType = wrapper.cfbundle; includeInIndex = 0; path = SyrenergyTests.xctest; sourceTree = BUILT_PRODUCTS_DIR; };
		BBAD0D77299051F900C55B14 /* SyrenergyTests.swift */ = {isa = PBXFileReference; lastKnownFileType = sourcecode.swift; path = SyrenergyTests.swift; sourceTree = "<group>"; };
		BBAD0D7D299051F900C55B14 /* SyrenergyUITests.xctest */ = {isa = PBXFileReference; explicitFileType = wrapper.cfbundle; includeInIndex = 0; path = SyrenergyUITests.xctest; sourceTree = BUILT_PRODUCTS_DIR; };
		BBAD0D81299051F900C55B14 /* SyrenergyUITests.swift */ = {isa = PBXFileReference; lastKnownFileType = sourcecode.swift; path = SyrenergyUITests.swift; sourceTree = "<group>"; };
		BBAD0D83299051F900C55B14 /* SyrenergyUITestsLaunchTests.swift */ = {isa = PBXFileReference; lastKnownFileType = sourcecode.swift; path = SyrenergyUITestsLaunchTests.swift; sourceTree = "<group>"; };
/* End PBXFileReference section */

/* Begin PBXFrameworksBuildPhase section */
		BBAD0D5F299051F000C55B14 /* Frameworks */ = {
			isa = PBXFrameworksBuildPhase;
			buildActionMask = 2147483647;
			files = (
			);
			runOnlyForDeploymentPostprocessing = 0;
		};
		BBAD0D70299051F800C55B14 /* Frameworks */ = {
			isa = PBXFrameworksBuildPhase;
			buildActionMask = 2147483647;
			files = (
			);
			runOnlyForDeploymentPostprocessing = 0;
		};
		BBAD0D7A299051F900C55B14 /* Frameworks */ = {
			isa = PBXFrameworksBuildPhase;
			buildActionMask = 2147483647;
			files = (
			);
			runOnlyForDeploymentPostprocessing = 0;
		};
/* End PBXFrameworksBuildPhase section */

/* Begin PBXGroup section */
		BBAD0D59299051F000C55B14 = {
			isa = PBXGroup;
			children = (
				BBAD0D64299051F000C55B14 /* Syrenergy */,
				BBAD0D76299051F900C55B14 /* SyrenergyTests */,
				BBAD0D80299051F900C55B14 /* SyrenergyUITests */,
				BBAD0D63299051F000C55B14 /* Products */,
			);
			sourceTree = "<group>";
		};
		BBAD0D63299051F000C55B14 /* Products */ = {
			isa = PBXGroup;
			children = (
				BBAD0D62299051F000C55B14 /* Syrenergy.app */,
				BBAD0D73299051F800C55B14 /* SyrenergyTests.xctest */,
				BBAD0D7D299051F900C55B14 /* SyrenergyUITests.xctest */,
			);
			name = Products;
			sourceTree = "<group>";
		};
		BBAD0D64299051F000C55B14 /* Syrenergy */ = {
			isa = PBXGroup;
			children = (
				BBAD0D65299051F000C55B14 /* SyrenergyApp.swift */,
				BBAD0D67299051F000C55B14 /* ContentView.swift */,
				BBAD0D69299051F800C55B14 /* Assets.xcassets */,
				BBAD0D6B299051F800C55B14 /* Syrenergy.entitlements */,
				BBAD0D6C299051F800C55B14 /* Preview Content */,
			);
			path = Syrenergy;
			sourceTree = "<group>";
		};
		BBAD0D6C299051F800C55B14 /* Preview Content */ = {
			isa = PBXGroup;
			children = (
				BBAD0D6D299051F800C55B14 /* Preview Assets.xcassets */,
			);
			path = "Preview Content";
			sourceTree = "<group>";
		};
		BBAD0D76299051F900C55B14 /* SyrenergyTests */ = {
			isa = PBXGroup;
			children = (
				BBAD0D77299051F900C55B14 /* SyrenergyTests.swift */,
			);
			path = SyrenergyTests;
			sourceTree = "<group>";
		};
		BBAD0D80299051F900C55B14 /* SyrenergyUITests */ = {
			isa = PBXGroup;
			children = (
				BBAD0D81299051F900C55B14 /* SyrenergyUITests.swift */,
				BBAD0D83299051F900C55B14 /* SyrenergyUITestsLaunchTests.swift */,
			);
			path = SyrenergyUITests;
			sourceTree = "<group>";
		};
/* End PBXGroup section */

/* Begin PBXNativeTarget section */
		BBAD0D61299051F000C55B14 /* Syrenergy */ = {
			isa = PBXNativeTarget;
			buildConfigurationList = BBAD0D87299051F900C55B14 /* Build configuration list for PBXNativeTarget "Syrenergy" */;
			buildPhases = (
				BBAD0D5E299051F000C55B14 /* Sources */,
				BBAD0D5F299051F000C55B14 /* Frameworks */,
				BBAD0D60299051F000C55B14 /* Resources */,
			);
			buildRules = (
			);
			dependencies = (
			);
			name = Syrenergy;
			productName = Syrenergy;
			productReference = BBAD0D62299051F000C55B14 /* Syrenergy.app */;
			productType = "com.apple.product-type.application";
		};
		BBAD0D72299051F800C55B14 /* SyrenergyTests */ = {
			isa = PBXNativeTarget;
			buildConfigurationList = BBAD0D8A299051F900C55B14 /* Build configuration list for PBXNativeTarget "SyrenergyTests" */;
			buildPhases = (
				BBAD0D6F299051F800C55B14 /* Sources */,
				BBAD0D70299051F800C55B14 /* Frameworks */,
				BBAD0D71299051F800C55B14 /* Resources */,
			);
			buildRules = (
			);
			dependencies = (
				BBAD0D75299051F800C55B14 /* PBXTargetDependency */,
			);
			name = SyrenergyTests;
			productName = SyrenergyTests;
			productReference = BBAD0D73299051F800C55B14 /* SyrenergyTests.xctest */;
			productType = "com.apple.product-type.bundle.unit-test";
		};
		BBAD0D7C299051F900C55B14 /* SyrenergyUITests */ = {
			isa = PBXNativeTarget;
			buildConfigurationList = BBAD0D8D299051F900C55B14 /* Build configuration list for PBXNativeTarget "SyrenergyUITests" */;
			buildPhases = (
				BBAD0D79299051F900C55B14 /* Sources */,
				BBAD0D7A299051F900C55B14 /* Frameworks */,
				BBAD0D7B299051F900C55B14 /* Resources */,
			);
			buildRules = (
			);
			dependencies = (
				BBAD0D7F299051F900C55B14 /* PBXTargetDependency */,
			);
			name = SyrenergyUITests;
			productName = SyrenergyUITests;
			productReference = BBAD0D7D299051F900C55B14 /* SyrenergyUITests.xctest */;
			productType = "com.apple.product-type.bundle.ui-testing";
		};
/* End PBXNativeTarget section */

/* Begin PBXProject section */
		BBAD0D5A299051F000C55B14 /* Project object */ = {
			isa = PBXProject;
			attributes = {
				BuildIndependentTargetsInParallel = 1;
				LastSwiftUpdateCheck = 1420;
				LastUpgradeCheck = 1420;
				TargetAttributes = {
					BBAD0D61299051F000C55B14 = {
						CreatedOnToolsVersion = 14.2;
					};
					BBAD0D72299051F800C55B14 = {
						CreatedOnToolsVersion = 14.2;
						TestTargetID = BBAD0D61299051F000C55B14;
					};
					BBAD0D7C299051F900C55B14 = {
						CreatedOnToolsVersion = 14.2;
						TestTargetID = BBAD0D61299051F000C55B14;
					};
				};
			};
			buildConfigurationList = BBAD0D5D299051F000C55B14 /* Build configuration list for PBXProject "Syrenergy" */;
			compatibilityVersion = "Xcode 14.0";
			developmentRegion = en;
			hasScannedForEncodings = 0;
			knownRegions = (
				en,
				Base,
			);
			mainGroup = BBAD0D59299051F000C55B14;
			productRefGroup = BBAD0D63299051F000C55B14 /* Products */;
			projectDirPath = "";
			projectRoot = "";
			targets = (
				BBAD0D61299051F000C55B14 /* Syrenergy */,
				BBAD0D72299051F800C55B14 /* SyrenergyTests */,
				BBAD0D7C299051F900C55B14 /* SyrenergyUITests */,
			);
		};
/* End PBXProject section */

/* Begin PBXResourcesBuildPhase section */
		BBAD0D60299051F000C55B14 /* Resources */ = {
			isa = PBXResourcesBuildPhase;
			buildActionMask = 2147483647;
			files = (
				BBAD0D6E299051F800C55B14 /* Preview Assets.xcassets in Resources */,
				BBAD0D6A299051F800C55B14 /* Assets.xcassets in Resources */,
			);
			runOnlyForDeploymentPostprocessing = 0;
		};
		BBAD0D71299051F800C55B14 /* Resources */ = {
			isa = PBXResourcesBuildPhase;
			buildActionMask = 2147483647;
			files = (
			);
			runOnlyForDeploymentPostprocessing = 0;
		};
		BBAD0D7B299051F900C55B14 /* Resources */ = {
			isa = PBXResourcesBuildPhase;
			buildActionMask = 2147483647;
			files = (
			);
			runOnlyForDeploymentPostprocessing = 0;
		};
/* End PBXResourcesBuildPhase section */

/* Begin PBXSourcesBuildPhase section */
		BBAD0D5E299051F000C55B14 /* Sources */ = {
			isa = PBXSourcesBuildPhase;
			buildActionMask = 2147483647;
			files = (
				BBAD0D68299051F000C55B14 /* ContentView.swift in Sources */,
				BBAD0D66299051F000C55B14 /* SyrenergyApp.swift in Sources */,
			);
			runOnlyForDeploymentPostprocessing = 0;
		};
		BBAD0D6F299051F800C55B14 /* Sources */ = {
			isa = PBXSourcesBuildPhase;
			buildActionMask = 2147483647;
			files = (
				BBAD0D78299051F900C55B14 /* SyrenergyTests.swift in Sources */,
			);
			runOnlyForDeploymentPostprocessing = 0;
		};
		BBAD0D79299051F900C55B14 /* Sources */ = {
			isa = PBXSourcesBuildPhase;
			buildActionMask = 2147483647;
			files = (
				BBAD0D82299051F900C55B14 /* SyrenergyUITests.swift in Sources */,
				BBAD0D84299051F900C55B14 /* SyrenergyUITestsLaunchTests.swift in Sources */,
			);
			runOnlyForDeploymentPostprocessing = 0;
		};
/* End PBXSourcesBuildPhase section */

/* Begin PBXTargetDependency section */
		BBAD0D75299051F800C55B14 /* PBXTargetDependency */ = {
			isa = PBXTargetDependency;
			target = BBAD0D61299051F000C55B14 /* Syrenergy */;
			targetProxy = BBAD0D74299051F800C55B14 /* PBXContainerItemProxy */;
		};
		BBAD0D7F299051F900C55B14 /* PBXTargetDependency */ = {
			isa = PBXTargetDependency;
			target = BBAD0D61299051F000C55B14 /* Syrenergy */;
			targetProxy = BBAD0D7E299051F900C55B14 /* PBXContainerItemProxy */;
		};
/* End PBXTargetDependency section */

/* Begin XCBuildConfiguration section */
		BBAD0D85299051F900C55B14 /* Debug */ = {
			isa = XCBuildConfiguration;
			buildSettings = {
				ALWAYS_SEARCH_USER_PATHS = NO;
				CLANG_ANALYZER_NONNULL = YES;
				CLANG_ANALYZER_NUMBER_OBJECT_CONVERSION = YES_AGGRESSIVE;
				CLANG_CXX_LANGUAGE_STANDARD = "gnu++20";
				CLANG_ENABLE_MODULES = YES;
				CLANG_ENABLE_OBJC_ARC = YES;
				CLANG_ENABLE_OBJC_WEAK = YES;
				CLANG_WARN_BLOCK_CAPTURE_AUTORELEASING = YES;
				CLANG_WARN_BOOL_CONVERSION = YES;
				CLANG_WARN_COMMA = YES;
				CLANG_WARN_CONSTANT_CONVERSION = YES;
				CLANG_WARN_DEPRECATED_OBJC_IMPLEMENTATIONS = YES;
				CLANG_WARN_DIRECT_OBJC_ISA_USAGE = YES_ERROR;
				CLANG_WARN_DOCUMENTATION_COMMENTS = YES;
				CLANG_WARN_EMPTY_BODY = YES;
				CLANG_WARN_ENUM_CONVERSION = YES;
				CLANG_WARN_INFINITE_RECURSION = YES;
				CLANG_WARN_INT_CONVERSION = YES;
				CLANG_WARN_NON_LITERAL_NULL_CONVERSION = YES;
				CLANG_WARN_OBJC_IMPLICIT_RETAIN_SELF = YES;
				CLANG_WARN_OBJC_LITERAL_CONVERSION = YES;
				CLANG_WARN_OBJC_ROOT_CLASS = YES_ERROR;
				CLANG_WARN_QUOTED_INCLUDE_IN_FRAMEWORK_HEADER = YES;
				CLANG_WARN_RANGE_LOOP_ANALYSIS = YES;
				CLANG_WARN_STRICT_PROTOTYPES = YES;
				CLANG_WARN_SUSPICIOUS_MOVE = YES;
				CLANG_WARN_UNGUARDED_AVAILABILITY = YES_AGGRESSIVE;
				CLANG_WARN_UNREACHABLE_CODE = YES;
				CLANG_WARN__DUPLICATE_METHOD_MATCH = YES;
				COPY_PHASE_STRIP = NO;
				DEBUG_INFORMATION_FORMAT = dwarf;
				ENABLE_STRICT_OBJC_MSGSEND = YES;
				ENABLE_TESTABILITY = YES;
				GCC_C_LANGUAGE_STANDARD = gnu11;
				GCC_DYNAMIC_NO_PIC = NO;
				GCC_NO_COMMON_BLOCKS = YES;
				GCC_OPTIMIZATION_LEVEL = 0;
				GCC_PREPROCESSOR_DEFINITIONS = (
					"DEBUG=1",
					"$(inherited)",
				);
				GCC_WARN_64_TO_32_BIT_CONVERSION = YES;
				GCC_WARN_ABOUT_RETURN_TYPE = YES_ERROR;
				GCC_WARN_UNDECLARED_SELECTOR = YES;
				GCC_WARN_UNINITIALIZED_AUTOS = YES_AGGRESSIVE;
				GCC_WARN_UNUSED_FUNCTION = YES;
				GCC_WARN_UNUSED_VARIABLE = YES;
				MTL_ENABLE_DEBUG_INFO = INCLUDE_SOURCE;
				MTL_FAST_MATH = YES;
				ONLY_ACTIVE_ARCH = YES;
				SWIFT_ACTIVE_COMPILATION_CONDITIONS = DEBUG;
				SWIFT_OPTIMIZATION_LEVEL = "-Onone";
			};
			name = Debug;
		};
		BBAD0D86299051F900C55B14 /* Release */ = {
			isa = XCBuildConfiguration;
			buildSettings = {
				ALWAYS_SEARCH_USER_PATHS = NO;
				CLANG_ANALYZER_NONNULL = YES;
				CLANG_ANALYZER_NUMBER_OBJECT_CONVERSION = YES_AGGRESSIVE;
				CLANG_CXX_LANGUAGE_STANDARD = "gnu++20";
				CLANG_ENABLE_MODULES = YES;
				CLANG_ENABLE_OBJC_ARC = YES;
				CLANG_ENABLE_OBJC_WEAK = YES;
				CLANG_WARN_BLOCK_CAPTURE_AUTORELEASING = YES;
				CLANG_WARN_BOOL_CONVERSION = YES;
				CLANG_WARN_COMMA = YES;
				CLANG_WARN_CONSTANT_CONVERSION = YES;
				CLANG_WARN_DEPRECATED_OBJC_IMPLEMENTATIONS = YES;
				CLANG_WARN_DIRECT_OBJC_ISA_USAGE = YES_ERROR;
				CLANG_WARN_DOCUMENTATION_COMMENTS = YES;
				CLANG_WARN_EMPTY_BODY = YES;
				CLANG_WARN_ENUM_CONVERSION = YES;
				CLANG_WARN_INFINITE_RECURSION = YES;
				CLANG_WARN_INT_CONVERSION = YES;
				CLANG_WARN_NON_LITERAL_NULL_CONVERSION = YES;
				CLANG_WARN_OBJC_IMPLICIT_RETAIN_SELF = YES;
				CLANG_WARN_OBJC_LITERAL_CONVERSION = YES;
				CLANG_WARN_OBJC_ROOT_CLASS = YES_ERROR;
				CLANG_WARN_QUOTED_INCLUDE_IN_FRAMEWORK_HEADER = YES;
				CLANG_WARN_RANGE_LOOP_ANALYSIS = YES;
				CLANG_WARN_STRICT_PROTOTYPES = YES;
				CLANG_WARN_SUSPICIOUS_MOVE = YES;
				CLANG_WARN_UNGUARDED_AVAILABILITY = YES_AGGRESSIVE;
				CLANG_WARN_UNREACHABLE_CODE = YES;
				CLANG_WARN__DUPLICATE_METHOD_MATCH = YES;
				COPY_PHASE_STRIP = NO;
				DEBUG_INFORMATION_FORMAT = "dwarf-with-dsym";
				ENABLE_NS_ASSERTIONS = NO;
				ENABLE_STRICT_OBJC_MSGSEND = YES;
				GCC_C_LANGUAGE_STANDARD = gnu11;
				GCC_NO_COMMON_BLOCKS = YES;
				GCC_WARN_64_TO_32_BIT_CONVERSION = YES;
				GCC_WARN_ABOUT_RETURN_TYPE = YES_ERROR;
				GCC_WARN_UNDECLARED_SELECTOR = YES;
				GCC_WARN_UNINITIALIZED_AUTOS = YES_AGGRESSIVE;
				GCC_WARN_UNUSED_FUNCTION = YES;
				GCC_WARN_UNUSED_VARIABLE = YES;
				MTL_ENABLE_DEBUG_INFO = NO;
				MTL_FAST_MATH = YES;
				SWIFT_COMPILATION_MODE = wholemodule;
				SWIFT_OPTIMIZATION_LEVEL = "-O";
			};
			name = Release;
		};
		BBAD0D88299051F900C55B14 /* Debug */ = {
			isa = XCBuildConfiguration;
			buildSettings = {
				ASSETCATALOG_COMPILER_APPICON_NAME = AppIcon;
				ASSETCATALOG_COMPILER_GLOBAL_ACCENT_COLOR_NAME = AccentColor;
				CODE_SIGN_ENTITLEMENTS = Syrenergy/Syrenergy.entitlements;
				CODE_SIGN_STYLE = Automatic;
				CURRENT_PROJECT_VERSION = 1;
				DEVELOPMENT_ASSET_PATHS = "\"Syrenergy/Preview Content\"";
				DEVELOPMENT_TEAM = ADUTZG494R;
				ENABLE_HARDENED_RUNTIME = YES;
				ENABLE_PREVIEWS = YES;
				GENERATE_INFOPLIST_FILE = YES;
				"INFOPLIST_KEY_UIApplicationSceneManifest_Generation[sdk=iphoneos*]" = YES;
				"INFOPLIST_KEY_UIApplicationSceneManifest_Generation[sdk=iphonesimulator*]" = YES;
				"INFOPLIST_KEY_UIApplicationSupportsIndirectInputEvents[sdk=iphoneos*]" = YES;
				"INFOPLIST_KEY_UIApplicationSupportsIndirectInputEvents[sdk=iphonesimulator*]" = YES;
				"INFOPLIST_KEY_UILaunchScreen_Generation[sdk=iphoneos*]" = YES;
				"INFOPLIST_KEY_UILaunchScreen_Generation[sdk=iphonesimulator*]" = YES;
				"INFOPLIST_KEY_UIStatusBarStyle[sdk=iphoneos*]" = UIStatusBarStyleDefault;
				"INFOPLIST_KEY_UIStatusBarStyle[sdk=iphonesimulator*]" = UIStatusBarStyleDefault;
				INFOPLIST_KEY_UISupportedInterfaceOrientations_iPad = "UIInterfaceOrientationPortrait UIInterfaceOrientationPortraitUpsideDown UIInterfaceOrientationLandscapeLeft UIInterfaceOrientationLandscapeRight";
				INFOPLIST_KEY_UISupportedInterfaceOrientations_iPhone = "UIInterfaceOrientationPortrait UIInterfaceOrientationLandscapeLeft UIInterfaceOrientationLandscapeRight";
				IPHONEOS_DEPLOYMENT_TARGET = 16.2;
				LD_RUNPATH_SEARCH_PATHS = "@executable_path/Frameworks";
				"LD_RUNPATH_SEARCH_PATHS[sdk=macosx*]" = "@executable_path/../Frameworks";
				MACOSX_DEPLOYMENT_TARGET = 13.1;
				MARKETING_VERSION = 1.0;
				PRODUCT_BUNDLE_IDENTIFIER = namrah.Syrenergy;
				PRODUCT_NAME = "$(TARGET_NAME)";
				SDKROOT = auto;
				SUPPORTED_PLATFORMS = "iphoneos iphonesimulator macosx";
				SWIFT_EMIT_LOC_STRINGS = YES;
				SWIFT_VERSION = 5.0;
				TARGETED_DEVICE_FAMILY = "1,2";
			};
			name = Debug;
		};
		BBAD0D89299051F900C55B14 /* Release */ = {
			isa = XCBuildConfiguration;
			buildSettings = {
				ASSETCATALOG_COMPILER_APPICON_NAME = AppIcon;
				ASSETCATALOG_COMPILER_GLOBAL_ACCENT_COLOR_NAME = AccentColor;
				CODE_SIGN_ENTITLEMENTS = Syrenergy/Syrenergy.entitlements;
				CODE_SIGN_STYLE = Automatic;
				CURRENT_PROJECT_VERSION = 1;
				DEVELOPMENT_ASSET_PATHS = "\"Syrenergy/Preview Content\"";
				DEVELOPMENT_TEAM = ADUTZG494R;
				ENABLE_HARDENED_RUNTIME = YES;
				ENABLE_PREVIEWS = YES;
				GENERATE_INFOPLIST_FILE = YES;
				"INFOPLIST_KEY_UIApplicationSceneManifest_Generation[sdk=iphoneos*]" = YES;
				"INFOPLIST_KEY_UIApplicationSceneManifest_Generation[sdk=iphonesimulator*]" = YES;
				"INFOPLIST_KEY_UIApplicationSupportsIndirectInputEvents[sdk=iphoneos*]" = YES;
				"INFOPLIST_KEY_UIApplicationSupportsIndirectInputEvents[sdk=iphonesimulator*]" = YES;
				"INFOPLIST_KEY_UILaunchScreen_Generation[sdk=iphoneos*]" = YES;
				"INFOPLIST_KEY_UILaunchScreen_Generation[sdk=iphonesimulator*]" = YES;
				"INFOPLIST_KEY_UIStatusBarStyle[sdk=iphoneos*]" = UIStatusBarStyleDefault;
				"INFOPLIST_KEY_UIStatusBarStyle[sdk=iphonesimulator*]" = UIStatusBarStyleDefault;
				INFOPLIST_KEY_UISupportedInterfaceOrientations_iPad = "UIInterfaceOrientationPortrait UIInterfaceOrientationPortraitUpsideDown UIInterfaceOrientationLandscapeLeft UIInterfaceOrientationLandscapeRight";
				INFOPLIST_KEY_UISupportedInterfaceOrientations_iPhone = "UIInterfaceOrientationPortrait UIInterfaceOrientationLandscapeLeft UIInterfaceOrientationLandscapeRight";
				IPHONEOS_DEPLOYMENT_TARGET = 16.2;
				LD_RUNPATH_SEARCH_PATHS = "@executable_path/Frameworks";
				"LD_RUNPATH_SEARCH_PATHS[sdk=macosx*]" = "@executable_path/../Frameworks";
				MACOSX_DEPLOYMENT_TARGET = 13.1;
				MARKETING_VERSION = 1.0;
				PRODUCT_BUNDLE_IDENTIFIER = namrah.Syrenergy;
				PRODUCT_NAME = "$(TARGET_NAME)";
				SDKROOT = auto;
				SUPPORTED_PLATFORMS = "iphoneos iphonesimulator macosx";
				SWIFT_EMIT_LOC_STRINGS = YES;
				SWIFT_VERSION = 5.0;
				TARGETED_DEVICE_FAMILY = "1,2";
			};
			name = Release;
		};
		BBAD0D8B299051F900C55B14 /* Debug */ = {
			isa = XCBuildConfiguration;
			buildSettings = {
				ALWAYS_EMBED_SWIFT_STANDARD_LIBRARIES = YES;
				BUNDLE_LOADER = "$(TEST_HOST)";
				CODE_SIGN_STYLE = Automatic;
				CURRENT_PROJECT_VERSION = 1;
				DEVELOPMENT_TEAM = ADUTZG494R;
				GENERATE_INFOPLIST_FILE = YES;
				IPHONEOS_DEPLOYMENT_TARGET = 16.2;
				MACOSX_DEPLOYMENT_TARGET = 13.1;
				MARKETING_VERSION = 1.0;
				PRODUCT_BUNDLE_IDENTIFIER = namrah.SyrenergyTests;
				PRODUCT_NAME = "$(TARGET_NAME)";
				SDKROOT = auto;
				SUPPORTED_PLATFORMS = "iphoneos iphonesimulator macosx";
				SWIFT_EMIT_LOC_STRINGS = NO;
				SWIFT_VERSION = 5.0;
				TARGETED_DEVICE_FAMILY = "1,2";
				TEST_HOST = "$(BUILT_PRODUCTS_DIR)/Syrenergy.app/$(BUNDLE_EXECUTABLE_FOLDER_PATH)/Syrenergy";
			};
			name = Debug;
		};
		BBAD0D8C299051F900C55B14 /* Release */ = {
			isa = XCBuildConfiguration;
			buildSettings = {
				ALWAYS_EMBED_SWIFT_STANDARD_LIBRARIES = YES;
				BUNDLE_LOADER = "$(TEST_HOST)";
				CODE_SIGN_STYLE = Automatic;
				CURRENT_PROJECT_VERSION = 1;
				DEVELOPMENT_TEAM = ADUTZG494R;
				GENERATE_INFOPLIST_FILE = YES;
				IPHONEOS_DEPLOYMENT_TARGET = 16.2;
				MACOSX_DEPLOYMENT_TARGET = 13.1;
				MARKETING_VERSION = 1.0;
				PRODUCT_BUNDLE_IDENTIFIER = namrah.SyrenergyTests;
				PRODUCT_NAME = "$(TARGET_NAME)";
				SDKROOT = auto;
				SUPPORTED_PLATFORMS = "iphoneos iphonesimulator macosx";
				SWIFT_EMIT_LOC_STRINGS = NO;
				SWIFT_VERSION = 5.0;
				TARGETED_DEVICE_FAMILY = "1,2";
				TEST_HOST = "$(BUILT_PRODUCTS_DIR)/Syrenergy.app/$(BUNDLE_EXECUTABLE_FOLDER_PATH)/Syrenergy";
			};
			name = Release;
		};
		BBAD0D8E299051F900C55B14 /* Debug */ = {
			isa = XCBuildConfiguration;
			buildSettings = {
				ALWAYS_EMBED_SWIFT_STANDARD_LIBRARIES = YES;
				CODE_SIGN_STYLE = Automatic;
				CURRENT_PROJECT_VERSION = 1;
				DEVELOPMENT_TEAM = ADUTZG494R;
				GENERATE_INFOPLIST_FILE = YES;
				IPHONEOS_DEPLOYMENT_TARGET = 16.2;
				MACOSX_DEPLOYMENT_TARGET = 13.1;
				MARKETING_VERSION = 1.0;
				PRODUCT_BUNDLE_IDENTIFIER = namrah.SyrenergyUITests;
				PRODUCT_NAME = "$(TARGET_NAME)";
				SDKROOT = auto;
				SUPPORTED_PLATFORMS = "iphoneos iphonesimulator macosx";
				SWIFT_EMIT_LOC_STRINGS = NO;
				SWIFT_VERSION = 5.0;
				TARGETED_DEVICE_FAMILY = "1,2";
				TEST_TARGET_NAME = Syrenergy;
			};
			name = Debug;
		};
		BBAD0D8F299051F900C55B14 /* Release */ = {
			isa = XCBuildConfiguration;
			buildSettings = {
				ALWAYS_EMBED_SWIFT_STANDARD_LIBRARIES = YES;
				CODE_SIGN_STYLE = Automatic;
				CURRENT_PROJECT_VERSION = 1;
				DEVELOPMENT_TEAM = ADUTZG494R;
				GENERATE_INFOPLIST_FILE = YES;
				IPHONEOS_DEPLOYMENT_TARGET = 16.2;
				MACOSX_DEPLOYMENT_TARGET = 13.1;
				MARKETING_VERSION = 1.0;
				PRODUCT_BUNDLE_IDENTIFIER = namrah.SyrenergyUITests;
				PRODUCT_NAME = "$(TARGET_NAME)";
				SDKROOT = auto;
				SUPPORTED_PLATFORMS = "iphoneos iphonesimulator macosx";
				SWIFT_EMIT_LOC_STRINGS = NO;
				SWIFT_VERSION = 5.0;
				TARGETED_DEVICE_FAMILY = "1,2";
				TEST_TARGET_NAME = Syrenergy;
			};
			name = Release;
		};
/* End XCBuildConfiguration section */

/* Begin XCConfigurationList section */
		BBAD0D5D299051F000C55B14 /* Build configuration list for PBXProject "Syrenergy" */ = {
			isa = XCConfigurationList;
			buildConfigurations = (
				BBAD0D85299051F900C55B14 /* Debug */,
				BBAD0D86299051F900C55B14 /* Release */,
			);
			defaultConfigurationIsVisible = 0;
			defaultConfigurationName = Release;
		};
		BBAD0D87299051F900C55B14 /* Build configuration list for PBXNativeTarget "Syrenergy" */ = {
			isa = XCConfigurationList;
			buildConfigurations = (
				BBAD0D88299051F900C55B14 /* Debug */,
				BBAD0D89299051F900C55B14 /* Release */,
			);
			defaultConfigurationIsVisible = 0;
			defaultConfigurationName = Release;
		};
		BBAD0D8A299051F900C55B14 /* Build configuration list for PBXNativeTarget "SyrenergyTests" */ = {
			isa = XCConfigurationList;
			buildConfigurations = (
				BBAD0D8B299051F900C55B14 /* Debug */,
				BBAD0D8C299051F900C55B14 /* Release */,
			);
			defaultConfigurationIsVisible = 0;
			defaultConfigurationName = Release;
		};
		BBAD0D8D299051F900C55B14 /* Build configuration list for PBXNativeTarget "SyrenergyUITests" */ = {
			isa = XCConfigurationList;
			buildConfigurations = (
				BBAD0D8E299051F900C55B14 /* Debug */,
				BBAD0D8F299051F900C55B14 /* Release */,
			);
			defaultConfigurationIsVisible = 0;
			defaultConfigurationName = Release;
		};
/* End XCConfigurationList section */
	};
	rootObject = BBAD0D5A299051F000C55B14 /* Project object */;
}
